
Microsoft Visual Studio Solution File, Format Version 12.00
# Visual Studio Version 17
VisualStudioVersion = 17.12.35514.174 d17.12
MinimumVisualStudioVersion = 10.0.40219.1
Project("{00D1A9C2-B5F0-4AF3-8072-F6C62B433612}") = "Database1", "Database1\Database1.sqlproj", "{34718A7E-B022-4120-A6C9-A2F9B307BDBE}"
EndProject
Global
	GlobalSection(SolutionConfigurationPlatforms) = preSolution
		Debug|Any CPU = Debug|Any CPU
		Release|Any CPU = Release|Any CPU
	EndGlobalSection
	GlobalSection(ProjectConfigurationPlatforms) = postSolution
		{34718A7E-B022-4120-A6C9-A2F9B307BDBE}.Debug|Any CPU.ActiveCfg = Debug|Any CPU
		{34718A7E-B022-4120-A6C9-A2F9B307BDBE}.Debug|Any CPU.Build.0 = Debug|Any CPU
		{34718A7E-B022-4120-A6C9-A2F9B307BDBE}.Debug|Any CPU.Deploy.0 = Debug|Any CPU
		{34718A7E-B022-4120-A6C9-A2F9B307BDBE}.Release|Any CPU.ActiveCfg = Release|Any CPU
		{34718A7E-B022-4120-A6C9-A2F9B307BDBE}.Release|Any CPU.Build.0 = Release|Any CPU
		{34718A7E-B022-4120-A6C9-A2F9B307BDBE}.Release|Any CPU.Deploy.0 = Release|Any CPU
	EndGlobalSection
	GlobalSection(SolutionProperties) = preSolution
		HideSolutionNode = FALSE
	EndGlobalSection
EndGlobal
